
Microsoft Visual Studio Solution File, Format Version 12.00
# Visual Studio Version 17
VisualStudioVersion = 17.0.31903.59
MinimumVisualStudioVersion = 10.0.40219.1
Project("{FAE04EC0-301F-11D3-BF4B-00C04F79EFBC}") = "Remp.API", "Remp.API\Remp.API.csproj", "{06DDB0F8-74B6-429A-8E6E-5974A3DCD21E}"
EndProject
Project("{FAE04EC0-301F-11D3-BF4B-00C04F79EFBC}") = "Remp.Service", "Remp.Service\Remp.Service.csproj", "{4BBC75C8-D891-40F4-A772-E15ACCEB6812}"
EndProject
Project("{FAE04EC0-301F-11D3-BF4B-00C04F79EFBC}") = "Remp.Repositories", "Remp.Repositories\Remp.Repositories.csproj", "{1423B42F-4B5A-4218-8AF7-CB2C71F2CBE5}"
EndProject
Project("{FAE04EC0-301F-11D3-BF4B-00C04F79EFBC}") = "Remp.DataAccess", "Remp.DataAccess\Remp.DataAccess.csproj", "{D2D481CC-302A-4D8B-B85C-A597746B9420}"
EndProject
Project("{FAE04EC0-301F-11D3-BF4B-00C04F79EFBC}") = "Remp.Models", "Remp.Models\Remp.Models.csproj", "{25137E36-41C0-498A-AB94-4D875A517233}"
EndProject
Project("{FAE04EC0-301F-11D3-BF4B-00C04F79EFBC}") = "Remp.Tests", "Remp.Tests\Remp.Tests.csproj", "{83BFC8D9-7DA7-4E93-A40E-2B6465B497E4}"
EndProject
Global
	GlobalSection(SolutionConfigurationPlatforms) = preSolution
		Debug|Any CPU = Debug|Any CPU
		Debug|x64 = Debug|x64
		Debug|x86 = Debug|x86
		Release|Any CPU = Release|Any CPU
		Release|x64 = Release|x64
		Release|x86 = Release|x86
	EndGlobalSection
	GlobalSection(ProjectConfigurationPlatforms) = postSolution
		{06DDB0F8-74B6-429A-8E6E-5974A3DCD21E}.Debug|Any CPU.ActiveCfg = Debug|Any CPU
		{06DDB0F8-74B6-429A-8E6E-5974A3DCD21E}.Debug|Any CPU.Build.0 = Debug|Any CPU
		{06DDB0F8-74B6-429A-8E6E-5974A3DCD21E}.Debug|x64.ActiveCfg = Debug|Any CPU
		{06DDB0F8-74B6-429A-8E6E-5974A3DCD21E}.Debug|x64.Build.0 = Debug|Any CPU
		{06DDB0F8-74B6-429A-8E6E-5974A3DCD21E}.Debug|x86.ActiveCfg = Debug|Any CPU
		{06DDB0F8-74B6-429A-8E6E-5974A3DCD21E}.Debug|x86.Build.0 = Debug|Any CPU
		{06DDB0F8-74B6-429A-8E6E-5974A3DCD21E}.Release|Any CPU.ActiveCfg = Release|Any CPU
		{06DDB0F8-74B6-429A-8E6E-5974A3DCD21E}.Release|Any CPU.Build.0 = Release|Any CPU
		{06DDB0F8-74B6-429A-8E6E-5974A3DCD21E}.Release|x64.ActiveCfg = Release|Any CPU
		{06DDB0F8-74B6-429A-8E6E-5974A3DCD21E}.Release|x64.Build.0 = Release|Any CPU
		{06DDB0F8-74B6-429A-8E6E-5974A3DCD21E}.Release|x86.ActiveCfg = Release|Any CPU
		{06DDB0F8-74B6-429A-8E6E-5974A3DCD21E}.Release|x86.Build.0 = Release|Any CPU
		{4BBC75C8-D891-40F4-A772-E15ACCEB6812}.Debug|Any CPU.ActiveCfg = Debug|Any CPU
		{4BBC75C8-D891-40F4-A772-E15ACCEB6812}.Debug|Any CPU.Build.0 = Debug|Any CPU
		{4BBC75C8-D891-40F4-A772-E15ACCEB6812}.Debug|x64.ActiveCfg = Debug|Any CPU
		{4BBC75C8-D891-40F4-A772-E15ACCEB6812}.Debug|x64.Build.0 = Debug|Any CPU
		{4BBC75C8-D891-40F4-A772-E15ACCEB6812}.Debug|x86.ActiveCfg = Debug|Any CPU
		{4BBC75C8-D891-40F4-A772-E15ACCEB6812}.Debug|x86.Build.0 = Debug|Any CPU
		{4BBC75C8-D891-40F4-A772-E15ACCEB6812}.Release|Any CPU.ActiveCfg = Release|Any CPU
		{4BBC75C8-D891-40F4-A772-E15ACCEB6812}.Release|Any CPU.Build.0 = Release|Any CPU
		{4BBC75C8-D891-40F4-A772-E15ACCEB6812}.Release|x64.ActiveCfg = Release|Any CPU
		{4BBC75C8-D891-40F4-A772-E15ACCEB6812}.Release|x64.Build.0 = Release|Any CPU
		{4BBC75C8-D891-40F4-A772-E15ACCEB6812}.Release|x86.ActiveCfg = Release|Any CPU
		{4BBC75C8-D891-40F4-A772-E15ACCEB6812}.Release|x86.Build.0 = Release|Any CPU
		{1423B42F-4B5A-4218-8AF7-CB2C71F2CBE5}.Debug|Any CPU.ActiveCfg = Debug|Any CPU
		{1423B42F-4B5A-4218-8AF7-CB2C71F2CBE5}.Debug|Any CPU.Build.0 = Debug|Any CPU
		{1423B42F-4B5A-4218-8AF7-CB2C71F2CBE5}.Debug|x64.ActiveCfg = Debug|Any CPU
		{1423B42F-4B5A-4218-8AF7-CB2C71F2CBE5}.Debug|x64.Build.0 = Debug|Any CPU
		{1423B42F-4B5A-4218-8AF7-CB2C71F2CBE5}.Debug|x86.ActiveCfg = Debug|Any CPU
		{1423B42F-4B5A-4218-8AF7-CB2C71F2CBE5}.Debug|x86.Build.0 = Debug|Any CPU
		{1423B42F-4B5A-4218-8AF7-CB2C71F2CBE5}.Release|Any CPU.ActiveCfg = Release|Any CPU
		{1423B42F-4B5A-4218-8AF7-CB2C71F2CBE5}.Release|Any CPU.Build.0 = Release|Any CPU
		{1423B42F-4B5A-4218-8AF7-CB2C71F2CBE5}.Release|x64.ActiveCfg = Release|Any CPU
		{1423B42F-4B5A-4218-8AF7-CB2C71F2CBE5}.Release|x64.Build.0 = Release|Any CPU
		{1423B42F-4B5A-4218-8AF7-CB2C71F2CBE5}.Release|x86.ActiveCfg = Release|Any CPU
		{1423B42F-4B5A-4218-8AF7-CB2C71F2CBE5}.Release|x86.Build.0 = Release|Any CPU
		{D2D481CC-302A-4D8B-B85C-A597746B9420}.Debug|Any CPU.ActiveCfg = Debug|Any CPU
		{D2D481CC-302A-4D8B-B85C-A597746B9420}.Debug|Any CPU.Build.0 = Debug|Any CPU
		{D2D481CC-302A-4D8B-B85C-A597746B9420}.Debug|x64.ActiveCfg = Debug|Any CPU
		{D2D481CC-302A-4D8B-B85C-A597746B9420}.Debug|x64.Build.0 = Debug|Any CPU
		{D2D481CC-302A-4D8B-B85C-A597746B9420}.Debug|x86.ActiveCfg = Debug|Any CPU
		{D2D481CC-302A-4D8B-B85C-A597746B9420}.Debug|x86.Build.0 = Debug|Any CPU
		{D2D481CC-302A-4D8B-B85C-A597746B9420}.Release|Any CPU.ActiveCfg = Release|Any CPU
		{D2D481CC-302A-4D8B-B85C-A597746B9420}.Release|Any CPU.Build.0 = Release|Any CPU
		{D2D481CC-302A-4D8B-B85C-A597746B9420}.Release|x64.ActiveCfg = Release|Any CPU
		{D2D481CC-302A-4D8B-B85C-A597746B9420}.Release|x64.Build.0 = Release|Any CPU
		{D2D481CC-302A-4D8B-B85C-A597746B9420}.Release|x86.ActiveCfg = Release|Any CPU
		{D2D481CC-302A-4D8B-B85C-A597746B9420}.Release|x86.Build.0 = Release|Any CPU
		{25137E36-41C0-498A-AB94-4D875A517233}.Debug|Any CPU.ActiveCfg = Debug|Any CPU
		{25137E36-41C0-498A-AB94-4D875A517233}.Debug|Any CPU.Build.0 = Debug|Any CPU
		{25137E36-41C0-498A-AB94-4D875A517233}.Debug|x64.ActiveCfg = Debug|Any CPU
		{25137E36-41C0-498A-AB94-4D875A517233}.Debug|x64.Build.0 = Debug|Any CPU
		{25137E36-41C0-498A-AB94-4D875A517233}.Debug|x86.ActiveCfg = Debug|Any CPU
		{25137E36-41C0-498A-AB94-4D875A517233}.Debug|x86.Build.0 = Debug|Any CPU
		{25137E36-41C0-498A-AB94-4D875A517233}.Release|Any CPU.ActiveCfg = Release|Any CPU
		{25137E36-41C0-498A-AB94-4D875A517233}.Release|Any CPU.Build.0 = Release|Any CPU
		{25137E36-41C0-498A-AB94-4D875A517233}.Release|x64.ActiveCfg = Release|Any CPU
		{25137E36-41C0-498A-AB94-4D875A517233}.Release|x64.Build.0 = Release|Any CPU
		{25137E36-41C0-498A-AB94-4D875A517233}.Release|x86.ActiveCfg = Release|Any CPU
		{25137E36-41C0-498A-AB94-4D875A517233}.Release|x86.Build.0 = Release|Any CPU
		{83BFC8D9-7DA7-4E93-A40E-2B6465B497E4}.Debug|Any CPU.ActiveCfg = Debug|Any CPU
		{83BFC8D9-7DA7-4E93-A40E-2B6465B497E4}.Debug|Any CPU.Build.0 = Debug|Any CPU
		{83BFC8D9-7DA7-4E93-A40E-2B6465B497E4}.Debug|x64.ActiveCfg = Debug|Any CPU
		{83BFC8D9-7DA7-4E93-A40E-2B6465B497E4}.Debug|x64.Build.0 = Debug|Any CPU
		{83BFC8D9-7DA7-4E93-A40E-2B6465B497E4}.Debug|x86.ActiveCfg = Debug|Any CPU
		{83BFC8D9-7DA7-4E93-A40E-2B6465B497E4}.Debug|x86.Build.0 = Debug|Any CPU
		{83BFC8D9-7DA7-4E93-A40E-2B6465B497E4}.Release|Any CPU.ActiveCfg = Release|Any CPU
		{83BFC8D9-7DA7-4E93-A40E-2B6465B497E4}.Release|Any CPU.Build.0 = Release|Any CPU
		{83BFC8D9-7DA7-4E93-A40E-2B6465B497E4}.Release|x64.ActiveCfg = Release|Any CPU
		{83BFC8D9-7DA7-4E93-A40E-2B6465B497E4}.Release|x64.Build.0 = Release|Any CPU
		{83BFC8D9-7DA7-4E93-A40E-2B6465B497E4}.Release|x86.ActiveCfg = Release|Any CPU
		{83BFC8D9-7DA7-4E93-A40E-2B6465B497E4}.Release|x86.Build.0 = Release|Any CPU
	EndGlobalSection
	GlobalSection(SolutionProperties) = preSolution
		HideSolutionNode = FALSE
	EndGlobalSection
EndGlobal
